
Microsoft Visual Studio Solution File, Format Version 12.00
# Visual Studio Version 17
VisualStudioVersion = 17.9.34622.214
MinimumVisualStudioVersion = 10.0.40219.1
Project("{FAE04EC0-301F-11D3-BF4B-00C04F79EFBC}") = "MicrosoftDemoPipeline", "MicrosoftDemoPipeline\MicrosoftDemoPipeline.csproj", "{3C595E66-A454-4E48-AA51-E7DB8BF51F68}"
EndProject
Global
	GlobalSection(SolutionConfigurationPlatforms) = preSolution
		Debug|Any CPU = Debug|Any CPU
		Release|Any CPU = Release|Any CPU
	EndGlobalSection
	GlobalSection(ProjectConfigurationPlatforms) = postSolution
		{3C595E66-A454-4E48-AA51-E7DB8BF51F68}.Debug|Any CPU.ActiveCfg = Debug|Any CPU
		{3C595E66-A454-4E48-AA51-E7DB8BF51F68}.Debug|Any CPU.Build.0 = Debug|Any CPU
		{3C595E66-A454-4E48-AA51-E7DB8BF51F68}.Release|Any CPU.ActiveCfg = Release|Any CPU
		{3C595E66-A454-4E48-AA51-E7DB8BF51F68}.Release|Any CPU.Build.0 = Release|Any CPU
	EndGlobalSection
	GlobalSection(SolutionProperties) = preSolution
		HideSolutionNode = FALSE
	EndGlobalSection
	GlobalSection(ExtensibilityGlobals) = postSolution
		SolutionGuid = {14D90E37-49EA-481E-8C91-B3F85AA2BF36}
	EndGlobalSection
EndGlobal
